{
  "version": 4,
  "terraform_version": "1.9.8",
  "serial": 16,
  "lineage": "6c438a33-21f6-f8d4-0532-aa0758d3602f",
  "outputs": {},
  "resources": [
    {
      "mode": "managed",
      "type": "azurerm_linux_virtual_machine",
      "name": "vm",
      "provider": "provider[\"registry.terraform.io/hashicorp/azurerm\"]",
      "instances": [
        {
          "index_key": 0,
          "schema_version": 0,
          "attributes": {
            "additional_capabilities": [],
            "admin_password": null,
            "admin_ssh_key": [
              {
                "public_key": "ssh-rsa AAAAB3NzaC1yc2EAAAADAQABAAACAQD82RMfqXP2lclZsNP7shjDmxSa5fKMfUKWoUAP6giafuGDX0qE7yVE3fM7wtcvuvcVOmy7K376sHvPpjeEzdrSi/ebLSE5y7djlAxmWluHumBmYVq9sMJFYUd3wt+b9+GnDMDwHLvfKKAxTrrzn9fMd3L+iUf+EAijFGXB+ecBJPfTk9blRwhhvidt1vav/U8eCzEnxq4/VSi3gMleODZqLt2YXDzTP3Bat51OO/KnwrStApa+uLGMyaYgdZtD8/rKd2bf8xZmRan/HY2kOHNJkW1MgTDpKDnihKrjoww5Fn3byGkFnXjNvljHTRt9x4clW4R8KIx/7mUQqYGIkfS19fg6TZh8gTQ/wK1Ukqo7bF63P4UuGe09Xlh5OalMizkL72M7uSFH6ZFrRTBdZdhrLzQAii9qZ9rOkR6gmYGzUWoliUh7qEZSiTKA78zSclZRMYOB7seOAHFpVNkwaocDvAafexdfU7Bptz/j2GwY2yiha+0b4J39r+L594DMYIAQCZDAS9rmRQ3hgPm20TQe8pgXzAMxk5YlafufGm2/RjtxfbqMx566JKxdLjdPJAGXHeCj/Ap4o6Bh4PZjqrsbHjX2GFDhsqEKiEydm3kG6MZ/Q+YeG6Mv8vcwgw9056t8WbnnKpwO68S09lqRTabGZFceFr/3dM92U9vWMUDV0Q==\n",
                "username": "adminuser"
              }
            ],
            "admin_username": "adminuser",
            "allow_extension_operations": true,
            "availability_set_id": "",
            "boot_diagnostics": [],
            "bypass_platform_safety_checks_on_user_schedule_enabled": false,
            "capacity_reservation_group_id": "",
            "computer_name": "terraform-homework-vm-0",
            "custom_data": null,
            "dedicated_host_group_id": "",
            "dedicated_host_id": "",
            "disable_password_authentication": true,
            "disk_controller_type": "",
            "edge_zone": "",
            "encryption_at_host_enabled": false,
            "eviction_policy": "",
            "extensions_time_budget": "PT1H30M",
            "gallery_application": [],
            "id": "/subscriptions/4461c28c-9e8b-494a-81f4-a4588f104448/resourceGroups/terraform-homework-resource-group/providers/Microsoft.Compute/virtualMachines/terraform-homework-vm-0",
            "identity": [],
            "license_type": "",
            "location": "westeurope",
            "max_bid_price": -1,
            "name": "terraform-homework-vm-0",
            "network_interface_ids": [
              "/subscriptions/4461c28c-9e8b-494a-81f4-a4588f104448/resourceGroups/terraform-homework-resource-group/providers/Microsoft.Network/networkInterfaces/terraform-homework-nic-0"
            ],
            "os_disk": [
              {
                "caching": "ReadWrite",
                "diff_disk_settings": [],
                "disk_encryption_set_id": "",
                "disk_size_gb": 30,
                "name": "terraform-homework-vm-0_OsDisk_1_d724312351964952a5d7d842253ef628",
                "secure_vm_disk_encryption_set_id": "",
                "security_encryption_type": "",
                "storage_account_type": "Standard_LRS",
                "write_accelerator_enabled": false
              }
            ],
            "os_image_notification": [],
            "patch_assessment_mode": "ImageDefault",
            "patch_mode": "ImageDefault",
            "plan": [],
            "platform_fault_domain": -1,
            "priority": "Regular",
            "private_ip_address": "10.0.1.4",
            "private_ip_addresses": [
              "10.0.1.4"
            ],
            "provision_vm_agent": true,
            "proximity_placement_group_id": "",
            "public_ip_address": "40.91.210.211",
            "public_ip_addresses": [
              "40.91.210.211"
            ],
            "reboot_setting": "",
            "resource_group_name": "terraform-homework-resource-group",
            "secret": [],
            "secure_boot_enabled": false,
            "size": "Standard_B1s",
            "source_image_id": "",
            "source_image_reference": [
              {
                "offer": "0001-com-ubuntu-server-jammy",
                "publisher": "Canonical",
                "sku": "22_04-lts",
                "version": "latest"
              }
            ],
            "tags": null,
            "termination_notification": null,
            "timeouts": null,
            "user_data": "",
            "virtual_machine_id": "9ac2abca-969f-4462-aa8c-777bbc368e2d",
            "virtual_machine_scale_set_id": "",
            "vm_agent_platform_updates_enabled": false,
            "vtpm_enabled": false,
            "zone": ""
          },
          "sensitive_attributes": [
            [
              {
                "type": "get_attr",
                "value": "admin_password"
              }
            ],
            [
              {
                "type": "get_attr",
                "value": "custom_data"
              }
            ]
          ],
          "private": "eyJlMmJmYjczMC1lY2FhLTExZTYtOGY4OC0zNDM2M2JjN2M0YzAiOnsiY3JlYXRlIjoyNzAwMDAwMDAwMDAwLCJkZWxldGUiOjI3MDAwMDAwMDAwMDAsInJlYWQiOjMwMDAwMDAwMDAwMCwidXBkYXRlIjoyNzAwMDAwMDAwMDAwfX0=",
          "dependencies": [
            "azurerm_network_interface.nic",
            "azurerm_public_ip.pip",
            "azurerm_resource_group.rg",
            "azurerm_subnet.subnet1",
            "azurerm_subnet.subnet2",
            "azurerm_virtual_network.vnet",
            "tls_private_key.ssh_key"
          ]
        },
        {
          "index_key": 1,
          "schema_version": 0,
          "attributes": {
            "additional_capabilities": [],
            "admin_password": null,
            "admin_ssh_key": [
              {
                "public_key": "ssh-rsa AAAAB3NzaC1yc2EAAAADAQABAAACAQD82RMfqXP2lclZsNP7shjDmxSa5fKMfUKWoUAP6giafuGDX0qE7yVE3fM7wtcvuvcVOmy7K376sHvPpjeEzdrSi/ebLSE5y7djlAxmWluHumBmYVq9sMJFYUd3wt+b9+GnDMDwHLvfKKAxTrrzn9fMd3L+iUf+EAijFGXB+ecBJPfTk9blRwhhvidt1vav/U8eCzEnxq4/VSi3gMleODZqLt2YXDzTP3Bat51OO/KnwrStApa+uLGMyaYgdZtD8/rKd2bf8xZmRan/HY2kOHNJkW1MgTDpKDnihKrjoww5Fn3byGkFnXjNvljHTRt9x4clW4R8KIx/7mUQqYGIkfS19fg6TZh8gTQ/wK1Ukqo7bF63P4UuGe09Xlh5OalMizkL72M7uSFH6ZFrRTBdZdhrLzQAii9qZ9rOkR6gmYGzUWoliUh7qEZSiTKA78zSclZRMYOB7seOAHFpVNkwaocDvAafexdfU7Bptz/j2GwY2yiha+0b4J39r+L594DMYIAQCZDAS9rmRQ3hgPm20TQe8pgXzAMxk5YlafufGm2/RjtxfbqMx566JKxdLjdPJAGXHeCj/Ap4o6Bh4PZjqrsbHjX2GFDhsqEKiEydm3kG6MZ/Q+YeG6Mv8vcwgw9056t8WbnnKpwO68S09lqRTabGZFceFr/3dM92U9vWMUDV0Q==\n",
                "username": "adminuser"
              }
            ],
            "admin_username": "adminuser",
            "allow_extension_operations": true,
            "availability_set_id": "",
            "boot_diagnostics": [],
            "bypass_platform_safety_checks_on_user_schedule_enabled": false,
            "capacity_reservation_group_id": "",
            "computer_name": "terraform-homework-vm-1",
            "custom_data": null,
            "dedicated_host_group_id": "",
            "dedicated_host_id": "",
            "disable_password_authentication": true,
            "disk_controller_type": "",
            "edge_zone": "",
            "encryption_at_host_enabled": false,
            "eviction_policy": "",
            "extensions_time_budget": "PT1H30M",
            "gallery_application": [],
            "id": "/subscriptions/4461c28c-9e8b-494a-81f4-a4588f104448/resourceGroups/terraform-homework-resource-group/providers/Microsoft.Compute/virtualMachines/terraform-homework-vm-1",
            "identity": [],
            "license_type": "",
            "location": "westeurope",
            "max_bid_price": -1,
            "name": "terraform-homework-vm-1",
            "network_interface_ids": [
              "/subscriptions/4461c28c-9e8b-494a-81f4-a4588f104448/resourceGroups/terraform-homework-resource-group/providers/Microsoft.Network/networkInterfaces/terraform-homework-nic-1"
            ],
            "os_disk": [
              {
                "caching": "ReadWrite",
                "diff_disk_settings": [],
                "disk_encryption_set_id": "",
                "disk_size_gb": 30,
                "name": "terraform-homework-vm-1_OsDisk_1_96cee0bf392544baa8d6566426595d6b",
                "secure_vm_disk_encryption_set_id": "",
                "security_encryption_type": "",
                "storage_account_type": "Standard_LRS",
                "write_accelerator_enabled": false
              }
            ],
            "os_image_notification": [],
            "patch_assessment_mode": "ImageDefault",
            "patch_mode": "ImageDefault",
            "plan": [],
            "platform_fault_domain": -1,
            "priority": "Regular",
            "private_ip_address": "10.0.2.4",
            "private_ip_addresses": [
              "10.0.2.4"
            ],
            "provision_vm_agent": true,
            "proximity_placement_group_id": "",
            "public_ip_address": "52.136.254.154",
            "public_ip_addresses": [
              "52.136.254.154"
            ],
            "reboot_setting": "",
            "resource_group_name": "terraform-homework-resource-group",
            "secret": [],
            "secure_boot_enabled": false,
            "size": "Standard_B1s",
            "source_image_id": "",
            "source_image_reference": [
              {
                "offer": "0001-com-ubuntu-server-jammy",
                "publisher": "Canonical",
                "sku": "22_04-lts",
                "version": "latest"
              }
            ],
            "tags": null,
            "termination_notification": null,
            "timeouts": null,
            "user_data": "",
            "virtual_machine_id": "74018bb0-80e0-4505-aaa8-3415b91be660",
            "virtual_machine_scale_set_id": "",
            "vm_agent_platform_updates_enabled": false,
            "vtpm_enabled": false,
            "zone": ""
          },
          "sensitive_attributes": [
            [
              {
                "type": "get_attr",
                "value": "custom_data"
              }
            ],
            [
              {
                "type": "get_attr",
                "value": "admin_password"
              }
            ]
          ],
          "private": "eyJlMmJmYjczMC1lY2FhLTExZTYtOGY4OC0zNDM2M2JjN2M0YzAiOnsiY3JlYXRlIjoyNzAwMDAwMDAwMDAwLCJkZWxldGUiOjI3MDAwMDAwMDAwMDAsInJlYWQiOjMwMDAwMDAwMDAwMCwidXBkYXRlIjoyNzAwMDAwMDAwMDAwfX0=",
          "dependencies": [
            "azurerm_network_interface.nic",
            "azurerm_public_ip.pip",
            "azurerm_resource_group.rg",
            "azurerm_subnet.subnet1",
            "azurerm_subnet.subnet2",
            "azurerm_virtual_network.vnet",
            "tls_private_key.ssh_key"
          ]
        }
      ]
    },
    {
      "mode": "managed",
      "type": "azurerm_network_interface",
      "name": "nic",
      "provider": "provider[\"registry.terraform.io/hashicorp/azurerm\"]",
      "instances": [
        {
          "index_key": 0,
          "schema_version": 0,
          "attributes": {
            "accelerated_networking_enabled": false,
            "applied_dns_servers": [],
            "auxiliary_mode": "",
            "auxiliary_sku": "",
            "dns_servers": null,
            "edge_zone": "",
            "id": "/subscriptions/4461c28c-9e8b-494a-81f4-a4588f104448/resourceGroups/terraform-homework-resource-group/providers/Microsoft.Network/networkInterfaces/terraform-homework-nic-0",
            "internal_dns_name_label": "",
            "internal_domain_name_suffix": "0xgdy4435r3evf3kiprk5c1hgb.ax.internal.cloudapp.net",
            "ip_configuration": [
              {
                "gateway_load_balancer_frontend_ip_configuration_id": "",
                "name": "internal",
                "primary": true,
                "private_ip_address": "10.0.1.4",
                "private_ip_address_allocation": "Dynamic",
                "private_ip_address_version": "IPv4",
                "public_ip_address_id": "/subscriptions/4461c28c-9e8b-494a-81f4-a4588f104448/resourceGroups/terraform-homework-resource-group/providers/Microsoft.Network/publicIPAddresses/terraform-homework-pip-0",
                "subnet_id": "/subscriptions/4461c28c-9e8b-494a-81f4-a4588f104448/resourceGroups/terraform-homework-resource-group/providers/Microsoft.Network/virtualNetworks/terraform-homework-vnet/subnets/terraform-homework-subnet1"
              }
            ],
            "ip_forwarding_enabled": false,
            "location": "westeurope",
            "mac_address": "",
            "name": "terraform-homework-nic-0",
            "private_ip_address": "10.0.1.4",
            "private_ip_addresses": [
              "10.0.1.4"
            ],
            "resource_group_name": "terraform-homework-resource-group",
            "tags": null,
            "timeouts": null,
            "virtual_machine_id": ""
          },
          "sensitive_attributes": [],
          "private": "eyJlMmJmYjczMC1lY2FhLTExZTYtOGY4OC0zNDM2M2JjN2M0YzAiOnsiY3JlYXRlIjoxODAwMDAwMDAwMDAwLCJkZWxldGUiOjE4MDAwMDAwMDAwMDAsInJlYWQiOjMwMDAwMDAwMDAwMCwidXBkYXRlIjoxODAwMDAwMDAwMDAwfX0=",
          "dependencies": [
            "azurerm_public_ip.pip",
            "azurerm_resource_group.rg",
            "azurerm_subnet.subnet1",
            "azurerm_subnet.subnet2",
            "azurerm_virtual_network.vnet"
          ]
        },
        {
          "index_key": 1,
          "schema_version": 0,
          "attributes": {
            "accelerated_networking_enabled": false,
            "applied_dns_servers": [],
            "auxiliary_mode": "",
            "auxiliary_sku": "",
            "dns_servers": null,
            "edge_zone": "",
            "id": "/subscriptions/4461c28c-9e8b-494a-81f4-a4588f104448/resourceGroups/terraform-homework-resource-group/providers/Microsoft.Network/networkInterfaces/terraform-homework-nic-1",
            "internal_dns_name_label": "",
            "internal_domain_name_suffix": "0xgdy4435r3evf3kiprk5c1hgb.ax.internal.cloudapp.net",
            "ip_configuration": [
              {
                "gateway_load_balancer_frontend_ip_configuration_id": "",
                "name": "internal",
                "primary": true,
                "private_ip_address": "10.0.2.4",
                "private_ip_address_allocation": "Dynamic",
                "private_ip_address_version": "IPv4",
                "public_ip_address_id": "/subscriptions/4461c28c-9e8b-494a-81f4-a4588f104448/resourceGroups/terraform-homework-resource-group/providers/Microsoft.Network/publicIPAddresses/terraform-homework-pip-1",
                "subnet_id": "/subscriptions/4461c28c-9e8b-494a-81f4-a4588f104448/resourceGroups/terraform-homework-resource-group/providers/Microsoft.Network/virtualNetworks/terraform-homework-vnet/subnets/terraform-homework-subnet2"
              }
            ],
            "ip_forwarding_enabled": false,
            "location": "westeurope",
            "mac_address": "",
            "name": "terraform-homework-nic-1",
            "private_ip_address": "10.0.2.4",
            "private_ip_addresses": [
              "10.0.2.4"
            ],
            "resource_group_name": "terraform-homework-resource-group",
            "tags": null,
            "timeouts": null,
            "virtual_machine_id": ""
          },
          "sensitive_attributes": [],
          "private": "eyJlMmJmYjczMC1lY2FhLTExZTYtOGY4OC0zNDM2M2JjN2M0YzAiOnsiY3JlYXRlIjoxODAwMDAwMDAwMDAwLCJkZWxldGUiOjE4MDAwMDAwMDAwMDAsInJlYWQiOjMwMDAwMDAwMDAwMCwidXBkYXRlIjoxODAwMDAwMDAwMDAwfX0=",
          "dependencies": [
            "azurerm_public_ip.pip",
            "azurerm_resource_group.rg",
            "azurerm_subnet.subnet1",
            "azurerm_subnet.subnet2",
            "azurerm_virtual_network.vnet"
          ]
        }
      ]
    },
    {
      "mode": "managed",
      "type": "azurerm_network_security_group",
      "name": "nsg",
      "provider": "provider[\"registry.terraform.io/hashicorp/azurerm\"]",
      "instances": [
        {
          "schema_version": 0,
          "attributes": {
            "id": "/subscriptions/4461c28c-9e8b-494a-81f4-a4588f104448/resourceGroups/terraform-homework-resource-group/providers/Microsoft.Network/networkSecurityGroups/terraform-homework-nsg",
            "location": "westeurope",
            "name": "terraform-homework-nsg",
            "resource_group_name": "terraform-homework-resource-group",
            "security_rule": [
              {
                "access": "Allow",
                "description": "",
                "destination_address_prefix": "*",
                "destination_address_prefixes": [],
                "destination_application_security_group_ids": [],
                "destination_port_range": "22",
                "destination_port_ranges": [],
                "direction": "Inbound",
                "name": "SSH-178.54.56.54",
                "priority": 1001,
                "protocol": "Tcp",
                "source_address_prefix": "178.54.56.54",
                "source_address_prefixes": [],
                "source_application_security_group_ids": [],
                "source_port_range": "*",
                "source_port_ranges": []
              },
              {
                "access": "Allow",
                "description": "",
                "destination_address_prefix": "*",
                "destination_address_prefixes": [],
                "destination_application_security_group_ids": [],
                "destination_port_range": "80",
                "destination_port_ranges": [],
                "direction": "Inbound",
                "name": "HTTP-178.54.56.54",
                "priority": 2001,
                "protocol": "Tcp",
                "source_address_prefix": "178.54.56.54",
                "source_address_prefixes": [],
                "source_application_security_group_ids": [],
                "source_port_range": "*",
                "source_port_ranges": []
              }
            ],
            "tags": null,
            "timeouts": null
          },
          "sensitive_attributes": [],
          "private": "eyJlMmJmYjczMC1lY2FhLTExZTYtOGY4OC0zNDM2M2JjN2M0YzAiOnsiY3JlYXRlIjoxODAwMDAwMDAwMDAwLCJkZWxldGUiOjE4MDAwMDAwMDAwMDAsInJlYWQiOjMwMDAwMDAwMDAwMCwidXBkYXRlIjoxODAwMDAwMDAwMDAwfX0=",
          "dependencies": [
            "azurerm_resource_group.rg"
          ]
        }
      ]
    },
    {
      "mode": "managed",
      "type": "azurerm_public_ip",
      "name": "pip",
      "provider": "provider[\"registry.terraform.io/hashicorp/azurerm\"]",
      "instances": [
        {
          "index_key": 0,
          "schema_version": 0,
          "attributes": {
            "allocation_method": "Static",
            "ddos_protection_mode": "VirtualNetworkInherited",
            "ddos_protection_plan_id": null,
            "domain_name_label": null,
            "domain_name_label_scope": null,
            "edge_zone": "",
            "fqdn": null,
            "id": "/subscriptions/4461c28c-9e8b-494a-81f4-a4588f104448/resourceGroups/terraform-homework-resource-group/providers/Microsoft.Network/publicIPAddresses/terraform-homework-pip-0",
            "idle_timeout_in_minutes": 4,
            "ip_address": "40.91.210.211",
            "ip_tags": null,
            "ip_version": "IPv4",
            "location": "westeurope",
            "name": "terraform-homework-pip-0",
            "public_ip_prefix_id": null,
            "resource_group_name": "terraform-homework-resource-group",
            "reverse_fqdn": null,
            "sku": "Standard",
            "sku_tier": "Regional",
            "tags": null,
            "timeouts": null,
            "zones": null
          },
          "sensitive_attributes": [],
          "private": "eyJlMmJmYjczMC1lY2FhLTExZTYtOGY4OC0zNDM2M2JjN2M0YzAiOnsiY3JlYXRlIjoxODAwMDAwMDAwMDAwLCJkZWxldGUiOjE4MDAwMDAwMDAwMDAsInJlYWQiOjMwMDAwMDAwMDAwMCwidXBkYXRlIjoxODAwMDAwMDAwMDAwfX0=",
          "dependencies": [
            "azurerm_resource_group.rg"
          ]
        },
        {
          "index_key": 1,
          "schema_version": 0,
          "attributes": {
            "allocation_method": "Static",
            "ddos_protection_mode": "VirtualNetworkInherited",
            "ddos_protection_plan_id": null,
            "domain_name_label": null,
            "domain_name_label_scope": null,
            "edge_zone": "",
            "fqdn": null,
            "id": "/subscriptions/4461c28c-9e8b-494a-81f4-a4588f104448/resourceGroups/terraform-homework-resource-group/providers/Microsoft.Network/publicIPAddresses/terraform-homework-pip-1",
            "idle_timeout_in_minutes": 4,
            "ip_address": "52.136.254.154",
            "ip_tags": null,
            "ip_version": "IPv4",
            "location": "westeurope",
            "name": "terraform-homework-pip-1",
            "public_ip_prefix_id": null,
            "resource_group_name": "terraform-homework-resource-group",
            "reverse_fqdn": null,
            "sku": "Standard",
            "sku_tier": "Regional",
            "tags": null,
            "timeouts": null,
            "zones": null
          },
          "sensitive_attributes": [],
          "private": "eyJlMmJmYjczMC1lY2FhLTExZTYtOGY4OC0zNDM2M2JjN2M0YzAiOnsiY3JlYXRlIjoxODAwMDAwMDAwMDAwLCJkZWxldGUiOjE4MDAwMDAwMDAwMDAsInJlYWQiOjMwMDAwMDAwMDAwMCwidXBkYXRlIjoxODAwMDAwMDAwMDAwfX0=",
          "dependencies": [
            "azurerm_resource_group.rg"
          ]
        }
      ]
    },
    {
      "mode": "managed",
      "type": "azurerm_resource_group",
      "name": "rg",
      "provider": "provider[\"registry.terraform.io/hashicorp/azurerm\"]",
      "instances": [
        {
          "schema_version": 0,
          "attributes": {
            "id": "/subscriptions/4461c28c-9e8b-494a-81f4-a4588f104448/resourceGroups/terraform-homework-resource-group",
            "location": "westeurope",
            "managed_by": "",
            "name": "terraform-homework-resource-group",
            "tags": null,
            "timeouts": null
          },
          "sensitive_attributes": [],
          "private": "eyJlMmJmYjczMC1lY2FhLTExZTYtOGY4OC0zNDM2M2JjN2M0YzAiOnsiY3JlYXRlIjo1NDAwMDAwMDAwMDAwLCJkZWxldGUiOjU0MDAwMDAwMDAwMDAsInJlYWQiOjMwMDAwMDAwMDAwMCwidXBkYXRlIjo1NDAwMDAwMDAwMDAwfX0="
        }
      ]
    },
    {
      "mode": "managed",
      "type": "azurerm_subnet",
      "name": "subnet1",
      "provider": "provider[\"registry.terraform.io/hashicorp/azurerm\"]",
      "instances": [
        {
          "schema_version": 0,
          "attributes": {
            "address_prefixes": [
              "10.0.1.0/24"
            ],
            "default_outbound_access_enabled": true,
            "delegation": [],
            "id": "/subscriptions/4461c28c-9e8b-494a-81f4-a4588f104448/resourceGroups/terraform-homework-resource-group/providers/Microsoft.Network/virtualNetworks/terraform-homework-vnet/subnets/terraform-homework-subnet1",
            "name": "terraform-homework-subnet1",
            "private_endpoint_network_policies": "Disabled",
            "private_link_service_network_policies_enabled": true,
            "resource_group_name": "terraform-homework-resource-group",
            "service_endpoint_policy_ids": null,
            "service_endpoints": null,
            "timeouts": null,
            "virtual_network_name": "terraform-homework-vnet"
          },
          "sensitive_attributes": [],
          "private": "eyJlMmJmYjczMC1lY2FhLTExZTYtOGY4OC0zNDM2M2JjN2M0YzAiOnsiY3JlYXRlIjoxODAwMDAwMDAwMDAwLCJkZWxldGUiOjE4MDAwMDAwMDAwMDAsInJlYWQiOjMwMDAwMDAwMDAwMCwidXBkYXRlIjoxODAwMDAwMDAwMDAwfX0=",
          "dependencies": [
            "azurerm_resource_group.rg",
            "azurerm_virtual_network.vnet"
          ]
        }
      ]
    },
    {
      "mode": "managed",
      "type": "azurerm_subnet",
      "name": "subnet2",
      "provider": "provider[\"registry.terraform.io/hashicorp/azurerm\"]",
      "instances": [
        {
          "schema_version": 0,
          "attributes": {
            "address_prefixes": [
              "10.0.2.0/24"
            ],
            "default_outbound_access_enabled": true,
            "delegation": [],
            "id": "/subscriptions/4461c28c-9e8b-494a-81f4-a4588f104448/resourceGroups/terraform-homework-resource-group/providers/Microsoft.Network/virtualNetworks/terraform-homework-vnet/subnets/terraform-homework-subnet2",
            "name": "terraform-homework-subnet2",
            "private_endpoint_network_policies": "Disabled",
            "private_link_service_network_policies_enabled": true,
            "resource_group_name": "terraform-homework-resource-group",
            "service_endpoint_policy_ids": null,
            "service_endpoints": null,
            "timeouts": null,
            "virtual_network_name": "terraform-homework-vnet"
          },
          "sensitive_attributes": [],
          "private": "eyJlMmJmYjczMC1lY2FhLTExZTYtOGY4OC0zNDM2M2JjN2M0YzAiOnsiY3JlYXRlIjoxODAwMDAwMDAwMDAwLCJkZWxldGUiOjE4MDAwMDAwMDAwMDAsInJlYWQiOjMwMDAwMDAwMDAwMCwidXBkYXRlIjoxODAwMDAwMDAwMDAwfX0=",
          "dependencies": [
            "azurerm_resource_group.rg",
            "azurerm_virtual_network.vnet"
          ]
        }
      ]
    },
    {
      "mode": "managed",
      "type": "azurerm_subnet_network_security_group_association",
      "name": "subnet_nsg_association1",
      "provider": "provider[\"registry.terraform.io/hashicorp/azurerm\"]",
      "instances": [
        {
          "schema_version": 0,
          "attributes": {
            "id": "/subscriptions/4461c28c-9e8b-494a-81f4-a4588f104448/resourceGroups/terraform-homework-resource-group/providers/Microsoft.Network/virtualNetworks/terraform-homework-vnet/subnets/terraform-homework-subnet1",
            "network_security_group_id": "/subscriptions/4461c28c-9e8b-494a-81f4-a4588f104448/resourceGroups/terraform-homework-resource-group/providers/Microsoft.Network/networkSecurityGroups/terraform-homework-nsg",
            "subnet_id": "/subscriptions/4461c28c-9e8b-494a-81f4-a4588f104448/resourceGroups/terraform-homework-resource-group/providers/Microsoft.Network/virtualNetworks/terraform-homework-vnet/subnets/terraform-homework-subnet1",
            "timeouts": null
          },
          "sensitive_attributes": [],
          "private": "eyJlMmJmYjczMC1lY2FhLTExZTYtOGY4OC0zNDM2M2JjN2M0YzAiOnsiY3JlYXRlIjoxODAwMDAwMDAwMDAwLCJkZWxldGUiOjE4MDAwMDAwMDAwMDAsInJlYWQiOjMwMDAwMDAwMDAwMH19",
          "dependencies": [
            "azurerm_network_security_group.nsg",
            "azurerm_resource_group.rg",
            "azurerm_subnet.subnet1",
            "azurerm_virtual_network.vnet"
          ]
        }
      ]
    },
    {
      "mode": "managed",
      "type": "azurerm_subnet_network_security_group_association",
      "name": "subnet_nsg_association2",
      "provider": "provider[\"registry.terraform.io/hashicorp/azurerm\"]",
      "instances": [
        {
          "schema_version": 0,
          "attributes": {
            "id": "/subscriptions/4461c28c-9e8b-494a-81f4-a4588f104448/resourceGroups/terraform-homework-resource-group/providers/Microsoft.Network/virtualNetworks/terraform-homework-vnet/subnets/terraform-homework-subnet2",
            "network_security_group_id": "/subscriptions/4461c28c-9e8b-494a-81f4-a4588f104448/resourceGroups/terraform-homework-resource-group/providers/Microsoft.Network/networkSecurityGroups/terraform-homework-nsg",
            "subnet_id": "/subscriptions/4461c28c-9e8b-494a-81f4-a4588f104448/resourceGroups/terraform-homework-resource-group/providers/Microsoft.Network/virtualNetworks/terraform-homework-vnet/subnets/terraform-homework-subnet2",
            "timeouts": null
          },
          "sensitive_attributes": [],
          "private": "eyJlMmJmYjczMC1lY2FhLTExZTYtOGY4OC0zNDM2M2JjN2M0YzAiOnsiY3JlYXRlIjoxODAwMDAwMDAwMDAwLCJkZWxldGUiOjE4MDAwMDAwMDAwMDAsInJlYWQiOjMwMDAwMDAwMDAwMH19",
          "dependencies": [
            "azurerm_network_security_group.nsg",
            "azurerm_resource_group.rg",
            "azurerm_subnet.subnet2",
            "azurerm_virtual_network.vnet"
          ]
        }
      ]
    },
    {
      "mode": "managed",
      "type": "azurerm_virtual_network",
      "name": "vnet",
      "provider": "provider[\"registry.terraform.io/hashicorp/azurerm\"]",
      "instances": [
        {
          "schema_version": 0,
          "attributes": {
            "address_space": [
              "10.0.0.0/16"
            ],
            "bgp_community": "",
            "ddos_protection_plan": [],
            "dns_servers": [],
            "edge_zone": "",
            "encryption": [],
            "flow_timeout_in_minutes": 0,
            "guid": "7b3cccd5-fcdd-4a7a-97aa-43e2af8b6731",
            "id": "/subscriptions/4461c28c-9e8b-494a-81f4-a4588f104448/resourceGroups/terraform-homework-resource-group/providers/Microsoft.Network/virtualNetworks/terraform-homework-vnet",
            "location": "westeurope",
            "name": "terraform-homework-vnet",
            "resource_group_name": "terraform-homework-resource-group",
            "subnet": [],
            "tags": null,
            "timeouts": null
          },
          "sensitive_attributes": [],
          "private": "eyJlMmJmYjczMC1lY2FhLTExZTYtOGY4OC0zNDM2M2JjN2M0YzAiOnsiY3JlYXRlIjoxODAwMDAwMDAwMDAwLCJkZWxldGUiOjE4MDAwMDAwMDAwMDAsInJlYWQiOjMwMDAwMDAwMDAwMCwidXBkYXRlIjoxODAwMDAwMDAwMDAwfX0=",
          "dependencies": [
            "azurerm_resource_group.rg"
          ]
        }
      ]
    },
    {
      "mode": "managed",
      "type": "local_file",
      "name": "private_key",
      "provider": "provider[\"registry.terraform.io/hashicorp/local\"]",
      "instances": [
        {
          "schema_version": 0,
          "attributes": {
            "content": "-----BEGIN RSA PRIVATE KEY-----\nMIIJKAIBAAKCAgEA/NkTH6lz9pXJWbDT+7IYw5sUmuXyjH1ClqFAD+oImn7hg19K\nhO8lRN3zO8LXL7r3FTpsuyt++rB7z6Y3hM3a0ov3my0hOcu3Y5QMZlpbh7pgZmFa\nvbDCRWFHd8Lfm/fhpwzA8By73yigMU6685/XzHdy/olH/hAIoxRlwfnnAST305PW\n5UcIYb4nbdb2r/1PHgsxJ8auP1Uot4DJXjg2ai7dmFw80z9wWredTjvyp8K0rQKW\nvrixjMmmIHWbQ/P6yndm3/MWZkWp/x2NpDhzSZFtTIEw6Sg54oSq46MMORZ928hp\nBZ14zb5Yx00bfceHJVuEfCiMf+5lEKmBiJH0tfX4Ok2YfIE0P8CtVJKqO2xetz+F\nLhntPV5YeTmpTIs5C+9jO7khR+mRa0UwXWXYay80AIovamfazpEeoJmBs1FqJYlI\ne6hGUokygO/M0nJWUTGDge7HjgBxaVTZMGqHA7wGn3sXX1Owabc/49hsGNsooWvt\nG+Cd/a/i+feAzGCAEAmQwEva5kUN4YD5ttE0HvKYF8wDMZOWJWn7nxptv0Y7cX26\njMeeuiSsXS43TyQBlx3go/wKeKOgYeD2Y6q7Gx419hhQ4bKhCohMnZt5BujGf0Pm\nHhujL/L3MIMPdOerfFm55yqcDuvEtPZakU2mxmRXHha/93TPdlPb1jFA1dECAwEA\nAQKCAgEA8ig8JoC17R27f0jZXR9OlFf8PfWofGCi23yHzDYKE10dQiKLThFzkic3\ngq6yRKY9aXlRFVks/Y70pQS9+1TkE+21MErinWW7t4Tc81Hqg20+Ug8/Rpj5FlV6\nivp6Cfg3hzOxvMToMWvJMDAE4LrfhJWJ7rkv1+UnQHiSlFpwoSn0qA/ZKjEDmAjz\n3kCYdiiWE2IIq92emE1I96ZCNRiFFODZncgJARCq3FcqMvk7Bux0+ZWXJgXhFcMy\ndbftAgGy2SHNxwIbG8vwacK2GudtkrHTCghY/ZRnC8ifmfBYDny6ATpJSvVr8zAv\n+oCgqa/kgSTLF9YF6ag55uFQi6mtwIgDXa4IKqGp6oj1AZjjCnKrbvECYyAk0O7v\nFzEdIdZ7OuUs30rmI714XfONJ3N0lkWQAMaJ5IDXtE6g1zF0tvXe2sqXXQo56BmF\nFaEVizAhwpCQFb2+lMuz4apsVT0GCv2xabdQVeHyCIB4czedi+e4eN4TBGuupmjG\ny3x0lyhbzjHuJeRnJEvMj0Ulx/ywvjCnSNYAwT8kdiA5P7OLbejOeSvT14AlyZRc\nwxmWcoC8ujfCp8bAqf6bXasFIG6VsSubKUY9V2MKXAIjZSpPfUSBckhe4oDCgv4j\n/B2FcFMB2QXiOMoj4l4RKUmD0GuVeg5s0U4p+ldSJHE8T9tqJ3kCggEBAP6ysHX0\ndfkg8Yi4g5D/9AoqHxAqTXXZahfAkBD6fdDmjGRfn9nWdKMZmxAhj0PIfTiVxOq7\n4oEVyBtjeM974iKGD00dGf5qo8FLxCWxlrODU10ad4Y9wYunrTEesikneJABv4PM\nvTzpMLgGOj6NXAMIgJwtNU9jFe+tznGUfejECKXk+a8HF6wSCiLCMqa4PAhgaRPK\nMvlvmcc58prC9FPYUWdhW3fFFAWkZB8fbIuldSKoGowW5i6gjkRv46PrEaVpj0m8\nAEtJEFW/WNy0q8xmtzED9mJ9eAq96EGnjNVmJTqOx8aQ97WYUftM1nbZuddj6BwH\nuOlrBxm4otteQM8CggEBAP4j9t3sJkWwcD9Ijoyv5uRtxTxgcsjd9VdyPWw9eXpG\na3l16CTNhMeB9IYYjqaNermNMvlTVG8kaWw089m76RLOYsLBfkoBlpridVbSqCxf\nZE7wLl3JIS00ghdSPpckTi5Xm8KN80kRddLi861Uifhi0djHusjI9LDLLm4gwmlV\nPJebZZAr1FQNHTIQu19dV4isxBxlTtZtCReMAeLKM1Wo5x+vMpWhZ9LMySydyVwf\nGq23BoxHp4F7ifEB0vqskfRIM3nCdwPNJwULduv9AowX542vwYOQ8E/kA1xw4VLP\nghyaG5zMh8hFsXNzXJefjJZzIFWHjSrQ99TcnHF0518CggEAEdmSFmIwlmoho1RT\nHClkAAZdsPNWBGldTxbWwencQXS26B3vhQPLntafkGzZroVxiTKt30mVoThWktzQ\nzbG/8m10yxG8DaGJonVd5MpiZmhQwlilgcn4M4Jn1+Zv1ASJJYaJ1oHVzVwGZw9A\nq7uadDf3U3qznsGx+t8ydbFTdamvdXjrqsGTfiKxhSgZBqgoxOmE07c7BVI188ly\n4DfDidDCO72N/IHaWl7gCXJZWBwbbndbjO/Z5/Cmp9Mzn/xMe0w/l4pOdvhC5c+I\nOceLtsKIGi5N6S8j55TRnzBP5XDIMSdqhtcIFTj8neEPsrqllJvS24wLAIjYsYvI\nFhmv7wKCAQApcjQQfTLAqsWjjHGy//znw/8mmZQerhQU7syVmnD1QAbHCDOTzPCa\nmNcIB3k8MFaTbDOj9bMPbSDERN5/4+Ve68mveV7fMuMc31HDlxdWJTh2pzTolqSS\ner28j+0lOQaHCEKeuAe1IuPUQK781YyqtXMDp48Or7c4Heq0iyMpin0XPICTwpIe\nIwVf5Nqp8s8TuxlAiEUTMzUIYgzsr40vqxwGTswxGuGTv1IPtKviGjB/pBmtRwJK\nW5tjcqi1uO8Up7G9abl/JTX33KbIVbrUnhFlSgSFMF4AqW7i5IXau3y8rWVTbQe3\n4aXO7kFreNm0r5HWYQTktq+0R0Y8OpSBAoIBAA1nGYGwbIstqY2XNUQhziNL0vfa\nC06Ug53WTxxiL1qI4GD70y7QV0Dg05C2nfIdPQwfUk7YAZ5tlgMW7638Lzr7hgdU\nCQnUfRLgdTuInsXqJbdEvWdt/Tja0PuPZniFgLF/B4kxhrkpTCJcE4YSk57+vblF\nbL8x/a9VhcivM5ai9XDtSCVOBnV8Bo8ao/d+VE25iWrUqkUqc02N7dpAa6fSjbPA\nLFa5T7Mq16ES5/54FdR9oOlSl8f4foSp1EQtgcwPxtkgRnMm25A6WssSeLghE2NH\nnmxjuq2mB/ISh/GhRpIFHrHpdzPM92/g2/TQsbOk7h1T4vi1QQFufIbNtdU=\n-----END RSA PRIVATE KEY-----\n",
            "content_base64": null,
            "content_base64sha256": "tzMx2sI4BAGL5LRw1RijHfsUt+KhtSi4vx9+VPle8Ww=",
            "content_base64sha512": "UEAiFeESlPtsCOKsGxB/I1myCVGm5ZBy+ykj3jRuuNB4W4Ik/1VMmhm2L3FZefGTOIkpz4qXrAGTOAjDeuuOJg==",
            "content_md5": "781bb1bddbde8893cb1b9745471b9ce8",
            "content_sha1": "99e3e4c8ae728bee137e0e3daca8dc6856b838be",
            "content_sha256": "b73331dac23804018be4b470d518a31dfb14b7e2a1b528b8bf1f7e54f95ef16c",
            "content_sha512": "50402215e11294fb6c08e2ac1b107f2359b20951a6e59072fb2923de346eb8d0785b8224ff554c9a19b62f715979f193388929cf8a97ac01933808c37aeb8e26",
            "directory_permission": "0777",
            "file_permission": "0777",
            "filename": "keyhw.pem",
            "id": "99e3e4c8ae728bee137e0e3daca8dc6856b838be",
            "sensitive_content": null,
            "source": null
          },
          "sensitive_attributes": [
            [
              {
                "type": "get_attr",
                "value": "sensitive_content"
              }
            ],
            [
              {
                "type": "get_attr",
                "value": "content"
              }
            ]
          ],
          "dependencies": [
            "tls_private_key.ssh_key"
          ]
        }
      ]
    },
    {
      "mode": "managed",
      "type": "tls_private_key",
      "name": "ssh_key",
      "provider": "provider[\"registry.terraform.io/hashicorp/tls\"]",
      "instances": [
        {
          "schema_version": 1,
          "attributes": {
            "algorithm": "RSA",
            "ecdsa_curve": "P224",
            "id": "8491479646a88c3adca1fa9cb725abc45738360d",
            "private_key_openssh": "-----BEGIN OPENSSH PRIVATE KEY-----\nb3BlbnNzaC1rZXktdjEAAAAABG5vbmUAAAAEbm9uZQAAAAAAAAABAAACFwAAAAdz\nc2gtcnNhAAAAAwEAAQAAAgEA/NkTH6lz9pXJWbDT+7IYw5sUmuXyjH1ClqFAD+oI\nmn7hg19KhO8lRN3zO8LXL7r3FTpsuyt++rB7z6Y3hM3a0ov3my0hOcu3Y5QMZlpb\nh7pgZmFavbDCRWFHd8Lfm/fhpwzA8By73yigMU6685/XzHdy/olH/hAIoxRlwfnn\nAST305PW5UcIYb4nbdb2r/1PHgsxJ8auP1Uot4DJXjg2ai7dmFw80z9wWredTjvy\np8K0rQKWvrixjMmmIHWbQ/P6yndm3/MWZkWp/x2NpDhzSZFtTIEw6Sg54oSq46MM\nORZ928hpBZ14zb5Yx00bfceHJVuEfCiMf+5lEKmBiJH0tfX4Ok2YfIE0P8CtVJKq\nO2xetz+FLhntPV5YeTmpTIs5C+9jO7khR+mRa0UwXWXYay80AIovamfazpEeoJmB\ns1FqJYlIe6hGUokygO/M0nJWUTGDge7HjgBxaVTZMGqHA7wGn3sXX1Owabc/49hs\nGNsooWvtG+Cd/a/i+feAzGCAEAmQwEva5kUN4YD5ttE0HvKYF8wDMZOWJWn7nxpt\nv0Y7cX26jMeeuiSsXS43TyQBlx3go/wKeKOgYeD2Y6q7Gx419hhQ4bKhCohMnZt5\nBujGf0PmHhujL/L3MIMPdOerfFm55yqcDuvEtPZakU2mxmRXHha/93TPdlPb1jFA\n1dEAAAc4DBcMmwwXDJsAAAAHc3NoLXJzYQAAAgEA/NkTH6lz9pXJWbDT+7IYw5sU\nmuXyjH1ClqFAD+oImn7hg19KhO8lRN3zO8LXL7r3FTpsuyt++rB7z6Y3hM3a0ov3\nmy0hOcu3Y5QMZlpbh7pgZmFavbDCRWFHd8Lfm/fhpwzA8By73yigMU6685/XzHdy\n/olH/hAIoxRlwfnnAST305PW5UcIYb4nbdb2r/1PHgsxJ8auP1Uot4DJXjg2ai7d\nmFw80z9wWredTjvyp8K0rQKWvrixjMmmIHWbQ/P6yndm3/MWZkWp/x2NpDhzSZFt\nTIEw6Sg54oSq46MMORZ928hpBZ14zb5Yx00bfceHJVuEfCiMf+5lEKmBiJH0tfX4\nOk2YfIE0P8CtVJKqO2xetz+FLhntPV5YeTmpTIs5C+9jO7khR+mRa0UwXWXYay80\nAIovamfazpEeoJmBs1FqJYlIe6hGUokygO/M0nJWUTGDge7HjgBxaVTZMGqHA7wG\nn3sXX1Owabc/49hsGNsooWvtG+Cd/a/i+feAzGCAEAmQwEva5kUN4YD5ttE0HvKY\nF8wDMZOWJWn7nxptv0Y7cX26jMeeuiSsXS43TyQBlx3go/wKeKOgYeD2Y6q7Gx41\n9hhQ4bKhCohMnZt5BujGf0PmHhujL/L3MIMPdOerfFm55yqcDuvEtPZakU2mxmRX\nHha/93TPdlPb1jFA1dEAAAADAQABAAACAQDyKDwmgLXtHbt/SNldH06UV/w99ah8\nYKLbfIfMNgoTXR1CIotOEXOSJzeCrrJEpj1peVEVWSz9jvSlBL37VOQT7bUwSuKd\nZbu3hNzzUeqDbT5SDz9GmPkWVXqK+noJ+DeHM7G8xOgxa8kwMATgut+ElYnuuS/X\n5SdAeJKUWnChKfSoD9kqMQOYCPPeQJh2KJYTYgir3Z6YTUj3pkI1GIUU4NmdyAkB\nEKrcVyoy+TsG7HT5lZcmBeEVwzJ1t+0CAbLZIc3HAhsby/BpwrYa522SsdMKCFj9\nlGcLyJ+Z8FgOfLoBOklK9WvzMC/6gKCpr+SBJMsX1gXpqDnm4VCLqa3AiANdrggq\noanqiPUBmOMKcqtu8QJjICTQ7u8XMR0h1ns65SzfSuYjvXhd840nc3SWRZAAxonk\ngNe0TqDXMXS29d7aypddCjnoGYUVoRWLMCHCkJAVvb6Uy7PhqmxVPQYK/bFpt1BV\n4fIIgHhzN52L57h43hMEa66maMbLfHSXKFvOMe4l5GckS8yPRSXH/LC+MKdI1gDB\nPyR2IDk/s4tt6M55K9PXgCXJlFzDGZZygLy6N8KnxsCp/ptdqwUgbpWxK5spRj1X\nYwpcAiNlKk99RIFySF7igMKC/iP8HYVwUwHZBeI4yiPiXhEpSYPQa5V6DmzRTin6\nV1IkcTxP22oneQAAAQANZxmBsGyLLamNlzVEIc4jS9L32gtOlIOd1k8cYi9aiOBg\n+9Mu0FdA4NOQtp3yHT0MH1JO2AGebZYDFu+t/C86+4YHVAkJ1H0S4HU7iJ7F6iW3\nRL1nbf042tD7j2Z4hYCxfweJMYa5KUwiXBOGEpOe/r25RWy/Mf2vVYXIrzOWovVw\n7UglTgZ1fAaPGqP3flRNuYlq1KpFKnNNje3aQGun0o2zwCxWuU+zKtehEuf+eBXU\nfaDpUpfH+H6EqdRELYHMD8bZIEZzJtuQOlrLEni4IRNjR55sY7qtpgfyEofxoUaS\nBR6x6XczzPdv4Nv00LGzpO4dU+L4tUEBbnyGzbXVAAABAQD+srB19HX5IPGIuIOQ\n//QKKh8QKk112WoXwJAQ+n3Q5oxkX5/Z1nSjGZsQIY9DyH04lcTqu+KBFcgbY3jP\ne+Iihg9NHRn+aqPBS8QlsZazg1NdGneGPcGLp60xHrIpJ3iQAb+DzL086TC4Bjo+\njVwDCICcLTVPYxXvrc5xlH3oxAil5PmvBxesEgoiwjKmuDwIYGkTyjL5b5nHOfKa\nwvRT2FFnYVt3xRQFpGQfH2yLpXUiqBqMFuYuoI5Eb+Oj6xGlaY9JvABLSRBVv1jc\ntKvMZrcxA/ZifXgKvehBp4zVZiU6jsfGkPe1mFH7TNZ22bnXY+gcB7jpawcZuKLb\nXkDPAAABAQD+I/bd7CZFsHA/SI6Mr+bkbcU8YHLI3fVXcj1sPXl6Rmt5degkzYTH\ngfSGGI6mjXq5jTL5U1RvJGlsNPPZu+kSzmLCwX5KAZaa4nVW0qgsX2RO8C5dySEt\nNIIXUj6XJE4uV5vCjfNJEXXS4vOtVIn4YtHYx7rIyPSwyy5uIMJpVTyXm2WQK9RU\nDR0yELtfXVeIrMQcZU7WbQkXjAHiyjNVqOcfrzKVoWfSzMksnclcHxqttwaMR6eB\ne4nxAdL6rJH0SDN5wncDzScFC3br/QKMF+eNr8GDkPBP5ANccOFSz4IcmhuczIfI\nRbFzc1yXn4yWcyBVh40q0PfU3JxxdOdfAAAAAAEC\n-----END OPENSSH PRIVATE KEY-----\n",
            "private_key_pem": "-----BEGIN RSA PRIVATE KEY-----\nMIIJKAIBAAKCAgEA/NkTH6lz9pXJWbDT+7IYw5sUmuXyjH1ClqFAD+oImn7hg19K\nhO8lRN3zO8LXL7r3FTpsuyt++rB7z6Y3hM3a0ov3my0hOcu3Y5QMZlpbh7pgZmFa\nvbDCRWFHd8Lfm/fhpwzA8By73yigMU6685/XzHdy/olH/hAIoxRlwfnnAST305PW\n5UcIYb4nbdb2r/1PHgsxJ8auP1Uot4DJXjg2ai7dmFw80z9wWredTjvyp8K0rQKW\nvrixjMmmIHWbQ/P6yndm3/MWZkWp/x2NpDhzSZFtTIEw6Sg54oSq46MMORZ928hp\nBZ14zb5Yx00bfceHJVuEfCiMf+5lEKmBiJH0tfX4Ok2YfIE0P8CtVJKqO2xetz+F\nLhntPV5YeTmpTIs5C+9jO7khR+mRa0UwXWXYay80AIovamfazpEeoJmBs1FqJYlI\ne6hGUokygO/M0nJWUTGDge7HjgBxaVTZMGqHA7wGn3sXX1Owabc/49hsGNsooWvt\nG+Cd/a/i+feAzGCAEAmQwEva5kUN4YD5ttE0HvKYF8wDMZOWJWn7nxptv0Y7cX26\njMeeuiSsXS43TyQBlx3go/wKeKOgYeD2Y6q7Gx419hhQ4bKhCohMnZt5BujGf0Pm\nHhujL/L3MIMPdOerfFm55yqcDuvEtPZakU2mxmRXHha/93TPdlPb1jFA1dECAwEA\nAQKCAgEA8ig8JoC17R27f0jZXR9OlFf8PfWofGCi23yHzDYKE10dQiKLThFzkic3\ngq6yRKY9aXlRFVks/Y70pQS9+1TkE+21MErinWW7t4Tc81Hqg20+Ug8/Rpj5FlV6\nivp6Cfg3hzOxvMToMWvJMDAE4LrfhJWJ7rkv1+UnQHiSlFpwoSn0qA/ZKjEDmAjz\n3kCYdiiWE2IIq92emE1I96ZCNRiFFODZncgJARCq3FcqMvk7Bux0+ZWXJgXhFcMy\ndbftAgGy2SHNxwIbG8vwacK2GudtkrHTCghY/ZRnC8ifmfBYDny6ATpJSvVr8zAv\n+oCgqa/kgSTLF9YF6ag55uFQi6mtwIgDXa4IKqGp6oj1AZjjCnKrbvECYyAk0O7v\nFzEdIdZ7OuUs30rmI714XfONJ3N0lkWQAMaJ5IDXtE6g1zF0tvXe2sqXXQo56BmF\nFaEVizAhwpCQFb2+lMuz4apsVT0GCv2xabdQVeHyCIB4czedi+e4eN4TBGuupmjG\ny3x0lyhbzjHuJeRnJEvMj0Ulx/ywvjCnSNYAwT8kdiA5P7OLbejOeSvT14AlyZRc\nwxmWcoC8ujfCp8bAqf6bXasFIG6VsSubKUY9V2MKXAIjZSpPfUSBckhe4oDCgv4j\n/B2FcFMB2QXiOMoj4l4RKUmD0GuVeg5s0U4p+ldSJHE8T9tqJ3kCggEBAP6ysHX0\ndfkg8Yi4g5D/9AoqHxAqTXXZahfAkBD6fdDmjGRfn9nWdKMZmxAhj0PIfTiVxOq7\n4oEVyBtjeM974iKGD00dGf5qo8FLxCWxlrODU10ad4Y9wYunrTEesikneJABv4PM\nvTzpMLgGOj6NXAMIgJwtNU9jFe+tznGUfejECKXk+a8HF6wSCiLCMqa4PAhgaRPK\nMvlvmcc58prC9FPYUWdhW3fFFAWkZB8fbIuldSKoGowW5i6gjkRv46PrEaVpj0m8\nAEtJEFW/WNy0q8xmtzED9mJ9eAq96EGnjNVmJTqOx8aQ97WYUftM1nbZuddj6BwH\nuOlrBxm4otteQM8CggEBAP4j9t3sJkWwcD9Ijoyv5uRtxTxgcsjd9VdyPWw9eXpG\na3l16CTNhMeB9IYYjqaNermNMvlTVG8kaWw089m76RLOYsLBfkoBlpridVbSqCxf\nZE7wLl3JIS00ghdSPpckTi5Xm8KN80kRddLi861Uifhi0djHusjI9LDLLm4gwmlV\nPJebZZAr1FQNHTIQu19dV4isxBxlTtZtCReMAeLKM1Wo5x+vMpWhZ9LMySydyVwf\nGq23BoxHp4F7ifEB0vqskfRIM3nCdwPNJwULduv9AowX542vwYOQ8E/kA1xw4VLP\nghyaG5zMh8hFsXNzXJefjJZzIFWHjSrQ99TcnHF0518CggEAEdmSFmIwlmoho1RT\nHClkAAZdsPNWBGldTxbWwencQXS26B3vhQPLntafkGzZroVxiTKt30mVoThWktzQ\nzbG/8m10yxG8DaGJonVd5MpiZmhQwlilgcn4M4Jn1+Zv1ASJJYaJ1oHVzVwGZw9A\nq7uadDf3U3qznsGx+t8ydbFTdamvdXjrqsGTfiKxhSgZBqgoxOmE07c7BVI188ly\n4DfDidDCO72N/IHaWl7gCXJZWBwbbndbjO/Z5/Cmp9Mzn/xMe0w/l4pOdvhC5c+I\nOceLtsKIGi5N6S8j55TRnzBP5XDIMSdqhtcIFTj8neEPsrqllJvS24wLAIjYsYvI\nFhmv7wKCAQApcjQQfTLAqsWjjHGy//znw/8mmZQerhQU7syVmnD1QAbHCDOTzPCa\nmNcIB3k8MFaTbDOj9bMPbSDERN5/4+Ve68mveV7fMuMc31HDlxdWJTh2pzTolqSS\ner28j+0lOQaHCEKeuAe1IuPUQK781YyqtXMDp48Or7c4Heq0iyMpin0XPICTwpIe\nIwVf5Nqp8s8TuxlAiEUTMzUIYgzsr40vqxwGTswxGuGTv1IPtKviGjB/pBmtRwJK\nW5tjcqi1uO8Up7G9abl/JTX33KbIVbrUnhFlSgSFMF4AqW7i5IXau3y8rWVTbQe3\n4aXO7kFreNm0r5HWYQTktq+0R0Y8OpSBAoIBAA1nGYGwbIstqY2XNUQhziNL0vfa\nC06Ug53WTxxiL1qI4GD70y7QV0Dg05C2nfIdPQwfUk7YAZ5tlgMW7638Lzr7hgdU\nCQnUfRLgdTuInsXqJbdEvWdt/Tja0PuPZniFgLF/B4kxhrkpTCJcE4YSk57+vblF\nbL8x/a9VhcivM5ai9XDtSCVOBnV8Bo8ao/d+VE25iWrUqkUqc02N7dpAa6fSjbPA\nLFa5T7Mq16ES5/54FdR9oOlSl8f4foSp1EQtgcwPxtkgRnMm25A6WssSeLghE2NH\nnmxjuq2mB/ISh/GhRpIFHrHpdzPM92/g2/TQsbOk7h1T4vi1QQFufIbNtdU=\n-----END RSA PRIVATE KEY-----\n",
            "private_key_pem_pkcs8": "-----BEGIN PRIVATE KEY-----\nMIIJQgIBADANBgkqhkiG9w0BAQEFAASCCSwwggkoAgEAAoICAQD82RMfqXP2lclZ\nsNP7shjDmxSa5fKMfUKWoUAP6giafuGDX0qE7yVE3fM7wtcvuvcVOmy7K376sHvP\npjeEzdrSi/ebLSE5y7djlAxmWluHumBmYVq9sMJFYUd3wt+b9+GnDMDwHLvfKKAx\nTrrzn9fMd3L+iUf+EAijFGXB+ecBJPfTk9blRwhhvidt1vav/U8eCzEnxq4/VSi3\ngMleODZqLt2YXDzTP3Bat51OO/KnwrStApa+uLGMyaYgdZtD8/rKd2bf8xZmRan/\nHY2kOHNJkW1MgTDpKDnihKrjoww5Fn3byGkFnXjNvljHTRt9x4clW4R8KIx/7mUQ\nqYGIkfS19fg6TZh8gTQ/wK1Ukqo7bF63P4UuGe09Xlh5OalMizkL72M7uSFH6ZFr\nRTBdZdhrLzQAii9qZ9rOkR6gmYGzUWoliUh7qEZSiTKA78zSclZRMYOB7seOAHFp\nVNkwaocDvAafexdfU7Bptz/j2GwY2yiha+0b4J39r+L594DMYIAQCZDAS9rmRQ3h\ngPm20TQe8pgXzAMxk5YlafufGm2/RjtxfbqMx566JKxdLjdPJAGXHeCj/Ap4o6Bh\n4PZjqrsbHjX2GFDhsqEKiEydm3kG6MZ/Q+YeG6Mv8vcwgw9056t8WbnnKpwO68S0\n9lqRTabGZFceFr/3dM92U9vWMUDV0QIDAQABAoICAQDyKDwmgLXtHbt/SNldH06U\nV/w99ah8YKLbfIfMNgoTXR1CIotOEXOSJzeCrrJEpj1peVEVWSz9jvSlBL37VOQT\n7bUwSuKdZbu3hNzzUeqDbT5SDz9GmPkWVXqK+noJ+DeHM7G8xOgxa8kwMATgut+E\nlYnuuS/X5SdAeJKUWnChKfSoD9kqMQOYCPPeQJh2KJYTYgir3Z6YTUj3pkI1GIUU\n4NmdyAkBEKrcVyoy+TsG7HT5lZcmBeEVwzJ1t+0CAbLZIc3HAhsby/BpwrYa522S\nsdMKCFj9lGcLyJ+Z8FgOfLoBOklK9WvzMC/6gKCpr+SBJMsX1gXpqDnm4VCLqa3A\niANdrggqoanqiPUBmOMKcqtu8QJjICTQ7u8XMR0h1ns65SzfSuYjvXhd840nc3SW\nRZAAxonkgNe0TqDXMXS29d7aypddCjnoGYUVoRWLMCHCkJAVvb6Uy7PhqmxVPQYK\n/bFpt1BV4fIIgHhzN52L57h43hMEa66maMbLfHSXKFvOMe4l5GckS8yPRSXH/LC+\nMKdI1gDBPyR2IDk/s4tt6M55K9PXgCXJlFzDGZZygLy6N8KnxsCp/ptdqwUgbpWx\nK5spRj1XYwpcAiNlKk99RIFySF7igMKC/iP8HYVwUwHZBeI4yiPiXhEpSYPQa5V6\nDmzRTin6V1IkcTxP22oneQKCAQEA/rKwdfR1+SDxiLiDkP/0CiofECpNddlqF8CQ\nEPp90OaMZF+f2dZ0oxmbECGPQ8h9OJXE6rvigRXIG2N4z3viIoYPTR0Z/mqjwUvE\nJbGWs4NTXRp3hj3Bi6etMR6yKSd4kAG/g8y9POkwuAY6Po1cAwiAnC01T2MV763O\ncZR96MQIpeT5rwcXrBIKIsIyprg8CGBpE8oy+W+ZxznymsL0U9hRZ2Fbd8UUBaRk\nHx9si6V1IqgajBbmLqCORG/jo+sRpWmPSbwAS0kQVb9Y3LSrzGa3MQP2Yn14Cr3o\nQaeM1WYlOo7HxpD3tZhR+0zWdtm512PoHAe46WsHGbii215AzwKCAQEA/iP23ewm\nRbBwP0iOjK/m5G3FPGByyN31V3I9bD15ekZreXXoJM2Ex4H0hhiOpo16uY0y+VNU\nbyRpbDTz2bvpEs5iwsF+SgGWmuJ1VtKoLF9kTvAuXckhLTSCF1I+lyROLlebwo3z\nSRF10uLzrVSJ+GLR2Me6yMj0sMsubiDCaVU8l5tlkCvUVA0dMhC7X11XiKzEHGVO\n1m0JF4wB4sozVajnH68ylaFn0szJLJ3JXB8arbcGjEengXuJ8QHS+qyR9EgzecJ3\nA80nBQt26/0CjBfnja/Bg5DwT+QDXHDhUs+CHJobnMyHyEWxc3Ncl5+MlnMgVYeN\nKtD31NyccXTnXwKCAQAR2ZIWYjCWaiGjVFMcKWQABl2w81YEaV1PFtbB6dxBdLbo\nHe+FA8ue1p+QbNmuhXGJMq3fSZWhOFaS3NDNsb/ybXTLEbwNoYmidV3kymJmaFDC\nWKWByfgzgmfX5m/UBIklhonWgdXNXAZnD0Cru5p0N/dTerOewbH63zJ1sVN1qa91\neOuqwZN+IrGFKBkGqCjE6YTTtzsFUjXzyXLgN8OJ0MI7vY38gdpaXuAJcllYHBtu\nd1uM79nn8Kan0zOf/Ex7TD+Xik52+ELlz4g5x4u2wogaLk3pLyPnlNGfME/lcMgx\nJ2qG1wgVOPyd4Q+yuqWUm9LbjAsAiNixi8gWGa/vAoIBAClyNBB9MsCqxaOMcbL/\n/OfD/yaZlB6uFBTuzJWacPVABscIM5PM8JqY1wgHeTwwVpNsM6P1sw9tIMRE3n/j\n5V7rya95Xt8y4xzfUcOXF1YlOHanNOiWpJJ6vbyP7SU5BocIQp64B7Ui49RArvzV\njKq1cwOnjw6vtzgd6rSLIymKfRc8gJPCkh4jBV/k2qnyzxO7GUCIRRMzNQhiDOyv\njS+rHAZOzDEa4ZO/Ug+0q+IaMH+kGa1HAkpbm2NyqLW47xSnsb1puX8lNffcpshV\nutSeEWVKBIUwXgCpbuLkhdq7fLytZVNtB7fhpc7uQWt42bSvkdZhBOS2r7RHRjw6\nlIECggEADWcZgbBsiy2pjZc1RCHOI0vS99oLTpSDndZPHGIvWojgYPvTLtBXQODT\nkLad8h09DB9STtgBnm2WAxbvrfwvOvuGB1QJCdR9EuB1O4iexeolt0S9Z239ONrQ\n+49meIWAsX8HiTGGuSlMIlwThhKTnv69uUVsvzH9r1WFyK8zlqL1cO1IJU4GdXwG\njxqj935UTbmJatSqRSpzTY3t2kBrp9KNs8AsVrlPsyrXoRLn/ngV1H2g6VKXx/h+\nhKnURC2BzA/G2SBGcybbkDpayxJ4uCETY0eebGO6raYH8hKH8aFGkgUesel3M8z3\nb+Db9NCxs6TuHVPi+LVBAW58hs211Q==\n-----END PRIVATE KEY-----\n",
            "public_key_fingerprint_md5": "7d:e7:03:64:40:b0:81:ad:33:ae:79:af:5d:39:99:6f",
            "public_key_fingerprint_sha256": "SHA256:ehTY815eeawtU1dR3iTaevpcSEomGgG4DGdLZk+a7rQ",
            "public_key_openssh": "ssh-rsa AAAAB3NzaC1yc2EAAAADAQABAAACAQD82RMfqXP2lclZsNP7shjDmxSa5fKMfUKWoUAP6giafuGDX0qE7yVE3fM7wtcvuvcVOmy7K376sHvPpjeEzdrSi/ebLSE5y7djlAxmWluHumBmYVq9sMJFYUd3wt+b9+GnDMDwHLvfKKAxTrrzn9fMd3L+iUf+EAijFGXB+ecBJPfTk9blRwhhvidt1vav/U8eCzEnxq4/VSi3gMleODZqLt2YXDzTP3Bat51OO/KnwrStApa+uLGMyaYgdZtD8/rKd2bf8xZmRan/HY2kOHNJkW1MgTDpKDnihKrjoww5Fn3byGkFnXjNvljHTRt9x4clW4R8KIx/7mUQqYGIkfS19fg6TZh8gTQ/wK1Ukqo7bF63P4UuGe09Xlh5OalMizkL72M7uSFH6ZFrRTBdZdhrLzQAii9qZ9rOkR6gmYGzUWoliUh7qEZSiTKA78zSclZRMYOB7seOAHFpVNkwaocDvAafexdfU7Bptz/j2GwY2yiha+0b4J39r+L594DMYIAQCZDAS9rmRQ3hgPm20TQe8pgXzAMxk5YlafufGm2/RjtxfbqMx566JKxdLjdPJAGXHeCj/Ap4o6Bh4PZjqrsbHjX2GFDhsqEKiEydm3kG6MZ/Q+YeG6Mv8vcwgw9056t8WbnnKpwO68S09lqRTabGZFceFr/3dM92U9vWMUDV0Q==\n",
            "public_key_pem": "-----BEGIN PUBLIC KEY-----\nMIICIjANBgkqhkiG9w0BAQEFAAOCAg8AMIICCgKCAgEA/NkTH6lz9pXJWbDT+7IY\nw5sUmuXyjH1ClqFAD+oImn7hg19KhO8lRN3zO8LXL7r3FTpsuyt++rB7z6Y3hM3a\n0ov3my0hOcu3Y5QMZlpbh7pgZmFavbDCRWFHd8Lfm/fhpwzA8By73yigMU6685/X\nzHdy/olH/hAIoxRlwfnnAST305PW5UcIYb4nbdb2r/1PHgsxJ8auP1Uot4DJXjg2\nai7dmFw80z9wWredTjvyp8K0rQKWvrixjMmmIHWbQ/P6yndm3/MWZkWp/x2NpDhz\nSZFtTIEw6Sg54oSq46MMORZ928hpBZ14zb5Yx00bfceHJVuEfCiMf+5lEKmBiJH0\ntfX4Ok2YfIE0P8CtVJKqO2xetz+FLhntPV5YeTmpTIs5C+9jO7khR+mRa0UwXWXY\nay80AIovamfazpEeoJmBs1FqJYlIe6hGUokygO/M0nJWUTGDge7HjgBxaVTZMGqH\nA7wGn3sXX1Owabc/49hsGNsooWvtG+Cd/a/i+feAzGCAEAmQwEva5kUN4YD5ttE0\nHvKYF8wDMZOWJWn7nxptv0Y7cX26jMeeuiSsXS43TyQBlx3go/wKeKOgYeD2Y6q7\nGx419hhQ4bKhCohMnZt5BujGf0PmHhujL/L3MIMPdOerfFm55yqcDuvEtPZakU2m\nxmRXHha/93TPdlPb1jFA1dECAwEAAQ==\n-----END PUBLIC KEY-----\n",
            "rsa_bits": 4096
          },
          "sensitive_attributes": [
            [
              {
                "type": "get_attr",
                "value": "private_key_pem_pkcs8"
              }
            ],
            [
              {
                "type": "get_attr",
                "value": "private_key_openssh"
              }
            ],
            [
              {
                "type": "get_attr",
                "value": "private_key_pem"
              }
            ]
          ]
        }
      ]
    }
  ],
  "check_results": null
}
